
Microsoft Visual Studio Solution File, Format Version 12.00
# Visual Studio Version 16
VisualStudioVersion = 16.0.31025.194
MinimumVisualStudioVersion = 10.0.40219.1
Project("{FAE04EC0-301F-11D3-BF4B-00C04F79EFBC}") = "FinalCalculatorToRuleThemAll", "FinalCalculatorToRuleThemAll.csproj", "{6359BD4D-748C-4242-929D-28996933533E}"
EndProject
Global
	GlobalSection(SolutionConfigurationPlatforms) = preSolution
		Debug|Any CPU = Debug|Any CPU
		Release|Any CPU = Release|Any CPU
	EndGlobalSection
	GlobalSection(ProjectConfigurationPlatforms) = postSolution
		{6359BD4D-748C-4242-929D-28996933533E}.Debug|Any CPU.ActiveCfg = Debug|Any CPU
		{6359BD4D-748C-4242-929D-28996933533E}.Debug|Any CPU.Build.0 = Debug|Any CPU
		{6359BD4D-748C-4242-929D-28996933533E}.Release|Any CPU.ActiveCfg = Release|Any CPU
		{6359BD4D-748C-4242-929D-28996933533E}.Release|Any CPU.Build.0 = Release|Any CPU
	EndGlobalSection
	GlobalSection(SolutionProperties) = preSolution
		HideSolutionNode = FALSE
	EndGlobalSection
	GlobalSection(ExtensibilityGlobals) = postSolution
		SolutionGuid = {89A26BC9-C967-4B39-95A6-68F5BED771D1}
	EndGlobalSection
EndGlobal
